Microsoft Visual Studio Solution File, Format Version 12.00
# Visual Studio Version 17
VisualStudioVersion = 17.5.2.0
MinimumVisualStudioVersion = 10.0.40219.1
Project("{FAE04EC0-301F-11D3-BF4B-00C04F79EFBC}") = "tarea10", "tarea10\tarea10.csproj", "{97AB4B31-A949-558B-F211-CBE62132963D}"
EndProject
Global
	GlobalSection(SolutionConfigurationPlatforms) = preSolution
		Debug|Any CPU = Debug|Any CPU
		Release|Any CPU = Release|Any CPU
	EndGlobalSection
	GlobalSection(ProjectConfigurationPlatforms) = postSolution
		{97AB4B31-A949-558B-F211-CBE62132963D}.Debug|Any CPU.ActiveCfg = Debug|Any CPU
		{97AB4B31-A949-558B-F211-CBE62132963D}.Debug|Any CPU.Build.0 = Debug|Any CPU
		{97AB4B31-A949-558B-F211-CBE62132963D}.Release|Any CPU.ActiveCfg = Release|Any CPU
		{97AB4B31-A949-558B-F211-CBE62132963D}.Release|Any CPU.Build.0 = Release|Any CPU
	EndGlobalSection
	GlobalSection(SolutionProperties) = preSolution
		HideSolutionNode = FALSE
	EndGlobalSection
	GlobalSection(ExtensibilityGlobals) = postSolution
		SolutionGuid = {CD6E65B2-A9A8-45C3-BA78-5F61F8EE5A79}
	EndGlobalSection
EndGlobal
